
Microsoft Visual Studio Solution File, Format Version 12.00
# Visual Studio Version 17
VisualStudioVersion = 17.4.33122.133
MinimumVisualStudioVersion = 10.0.40219.1
Project("{FAE04EC0-301F-11D3-BF4B-00C04F79EFBC}") = "TransacoesAPI", "TransacoesAPI\TransacoesAPI.csproj", "{4BAC0022-2BE5-4F2B-B675-D093368B555F}"
EndProject
Global
	GlobalSection(SolutionConfigurationPlatforms) = preSolution
		Debug|Any CPU = Debug|Any CPU
		Release|Any CPU = Release|Any CPU
	EndGlobalSection
	GlobalSection(ProjectConfigurationPlatforms) = postSolution
		{4BAC0022-2BE5-4F2B-B675-D093368B555F}.Debug|Any CPU.ActiveCfg = Debug|Any CPU
		{4BAC0022-2BE5-4F2B-B675-D093368B555F}.Debug|Any CPU.Build.0 = Debug|Any CPU
		{4BAC0022-2BE5-4F2B-B675-D093368B555F}.Release|Any CPU.ActiveCfg = Release|Any CPU
		{4BAC0022-2BE5-4F2B-B675-D093368B555F}.Release|Any CPU.Build.0 = Release|Any CPU
	EndGlobalSection
	GlobalSection(SolutionProperties) = preSolution
		HideSolutionNode = FALSE
	EndGlobalSection
	GlobalSection(ExtensibilityGlobals) = postSolution
		SolutionGuid = {D624A0CB-F405-4781-A2BC-4642250221F6}
	EndGlobalSection
EndGlobal
